
Microsoft Visual Studio Solution File, Format Version 12.00
# Visual Studio Version 17
VisualStudioVersion = 17.13.35605.110
MinimumVisualStudioVersion = 10.0.40219.1
Project("{FAE04EC0-301F-11D3-BF4B-00C04F79EFBC}") = "Statik_KimlikKarti", "Statik_KimlikKarti\Statik_KimlikKarti.csproj", "{3D7E1197-269F-D237-8438-D903946B5059}"
EndProject
Global
	GlobalSection(SolutionConfigurationPlatforms) = preSolution
		Debug|Any CPU = Debug|Any CPU
		Release|Any CPU = Release|Any CPU
	EndGlobalSection
	GlobalSection(ProjectConfigurationPlatforms) = postSolution
		{3D7E1197-269F-D237-8438-D903946B5059}.Debug|Any CPU.ActiveCfg = Debug|Any CPU
		{3D7E1197-269F-D237-8438-D903946B5059}.Debug|Any CPU.Build.0 = Debug|Any CPU
		{3D7E1197-269F-D237-8438-D903946B5059}.Release|Any CPU.ActiveCfg = Release|Any CPU
		{3D7E1197-269F-D237-8438-D903946B5059}.Release|Any CPU.Build.0 = Release|Any CPU
	EndGlobalSection
	GlobalSection(SolutionProperties) = preSolution
		HideSolutionNode = FALSE
	EndGlobalSection
	GlobalSection(ExtensibilityGlobals) = postSolution
		SolutionGuid = {1A8BB544-3E4D-4C2B-822A-37D465F2D19F}
	EndGlobalSection
EndGlobal
